
Microsoft Visual Studio Solution File, Format Version 12.00
# Visual Studio Version 16
VisualStudioVersion = 16.0.30717.126
MinimumVisualStudioVersion = 10.0.40219.1
Project("{9A19103F-16F7-4668-BE54-9A1E7A4F7556}") = "01. Furniture", "Regular Expressions - Exercise\01. Furniture.csproj", "{255E2253-E7EF-4A8C-BB2D-EF25A0A08616}"
EndProject
Project("{9A19103F-16F7-4668-BE54-9A1E7A4F7556}") = "02. Race", "02. Race\02. Race.csproj", "{ED5BF848-3A7C-43E3-8517-FF01E99E1A4F}"
EndProject
Project("{9A19103F-16F7-4668-BE54-9A1E7A4F7556}") = "03. SoftUni Bar Income", "03. SoftUni Bar Income\03. SoftUni Bar Income.csproj", "{D67008CD-B04D-4DBB-9AC0-E50CDB4301B1}"
EndProject
Project("{9A19103F-16F7-4668-BE54-9A1E7A4F7556}") = "04. Star Enigma", "04. Star Enigma\04. Star Enigma.csproj", "{D0328D8C-4650-4F8C-96C4-48E95F0BB721}"
EndProject
Project("{FAE04EC0-301F-11D3-BF4B-00C04F79EFBC}") = "05. Nether Realms", "05. Nether Realms\05. Nether Realms.csproj", "{E3BEE2F4-417F-42B5-8199-C922A786D73F}"
EndProject
Global
	GlobalSection(SolutionConfigurationPlatforms) = preSolution
		Debug|Any CPU = Debug|Any CPU
		Release|Any CPU = Release|Any CPU
	EndGlobalSection
	GlobalSection(ProjectConfigurationPlatforms) = postSolution
		{255E2253-E7EF-4A8C-BB2D-EF25A0A08616}.Debug|Any CPU.ActiveCfg = Debug|Any CPU
		{255E2253-E7EF-4A8C-BB2D-EF25A0A08616}.Debug|Any CPU.Build.0 = Debug|Any CPU
		{255E2253-E7EF-4A8C-BB2D-EF25A0A08616}.Release|Any CPU.ActiveCfg = Release|Any CPU
		{255E2253-E7EF-4A8C-BB2D-EF25A0A08616}.Release|Any CPU.Build.0 = Release|Any CPU
		{ED5BF848-3A7C-43E3-8517-FF01E99E1A4F}.Debug|Any CPU.ActiveCfg = Debug|Any CPU
		{ED5BF848-3A7C-43E3-8517-FF01E99E1A4F}.Debug|Any CPU.Build.0 = Debug|Any CPU
		{ED5BF848-3A7C-43E3-8517-FF01E99E1A4F}.Release|Any CPU.ActiveCfg = Release|Any CPU
		{ED5BF848-3A7C-43E3-8517-FF01E99E1A4F}.Release|Any CPU.Build.0 = Release|Any CPU
		{D67008CD-B04D-4DBB-9AC0-E50CDB4301B1}.Debug|Any CPU.ActiveCfg = Debug|Any CPU
		{D67008CD-B04D-4DBB-9AC0-E50CDB4301B1}.Debug|Any CPU.Build.0 = Debug|Any CPU
		{D67008CD-B04D-4DBB-9AC0-E50CDB4301B1}.Release|Any CPU.ActiveCfg = Release|Any CPU
		{D67008CD-B04D-4DBB-9AC0-E50CDB4301B1}.Release|Any CPU.Build.0 = Release|Any CPU
		{D0328D8C-4650-4F8C-96C4-48E95F0BB721}.Debug|Any CPU.ActiveCfg = Debug|Any CPU
		{D0328D8C-4650-4F8C-96C4-48E95F0BB721}.Debug|Any CPU.Build.0 = Debug|Any CPU
		{D0328D8C-4650-4F8C-96C4-48E95F0BB721}.Release|Any CPU.ActiveCfg = Release|Any CPU
		{D0328D8C-4650-4F8C-96C4-48E95F0BB721}.Release|Any CPU.Build.0 = Release|Any CPU
		{E3BEE2F4-417F-42B5-8199-C922A786D73F}.Debug|Any CPU.ActiveCfg = Debug|Any CPU
		{E3BEE2F4-417F-42B5-8199-C922A786D73F}.Debug|Any CPU.Build.0 = Debug|Any CPU
		{E3BEE2F4-417F-42B5-8199-C922A786D73F}.Release|Any CPU.ActiveCfg = Release|Any CPU
		{E3BEE2F4-417F-42B5-8199-C922A786D73F}.Release|Any CPU.Build.0 = Release|Any CPU
	EndGlobalSection
	GlobalSection(SolutionProperties) = preSolution
		HideSolutionNode = FALSE
	EndGlobalSection
	GlobalSection(ExtensibilityGlobals) = postSolution
		SolutionGuid = {A4512CAB-71D8-4273-BAD7-5A47B70D40E7}
	EndGlobalSection
EndGlobal
