
Microsoft Visual Studio Solution File, Format Version 12.00
# Visual Studio 15
VisualStudioVersion = 15.0.28307.1000
MinimumVisualStudioVersion = 10.0.40219.1
Project("{FAE04EC0-301F-11D3-BF4B-00C04F79EFBC}") = "Problem 2. The Lift", "Problem 2. The Lift\Problem 2. The Lift.csproj", "{62FC6BCB-D43D-408D-8B04-D8FEBB27D851}"
EndProject
Global
	GlobalSection(SolutionConfigurationPlatforms) = preSolution
		Debug|Any CPU = Debug|Any CPU
		Release|Any CPU = Release|Any CPU
	EndGlobalSection
	GlobalSection(ProjectConfigurationPlatforms) = postSolution
		{62FC6BCB-D43D-408D-8B04-D8FEBB27D851}.Debug|Any CPU.ActiveCfg = Debug|Any CPU
		{62FC6BCB-D43D-408D-8B04-D8FEBB27D851}.Debug|Any CPU.Build.0 = Debug|Any CPU
		{62FC6BCB-D43D-408D-8B04-D8FEBB27D851}.Release|Any CPU.ActiveCfg = Release|Any CPU
		{62FC6BCB-D43D-408D-8B04-D8FEBB27D851}.Release|Any CPU.Build.0 = Release|Any CPU
	EndGlobalSection
	GlobalSection(SolutionProperties) = preSolution
		HideSolutionNode = FALSE
	EndGlobalSection
	GlobalSection(ExtensibilityGlobals) = postSolution
		SolutionGuid = {D0D1F8AF-926A-4528-A70B-83CCE5A7A776}
	EndGlobalSection
EndGlobal
