
Microsoft Visual Studio Solution File, Format Version 12.00
# Visual Studio 15
VisualStudioVersion = 15.0.28307.1000
MinimumVisualStudioVersion = 10.0.40219.1
Project("{9A19103F-16F7-4668-BE54-9A1E7A4F7556}") = "01. Train", "Lists - Exercise\01. Train.csproj", "{8915D1BD-B210-445C-902A-C026F22C508B}"
EndProject
Project("{9A19103F-16F7-4668-BE54-9A1E7A4F7556}") = "02. Change List", "02. Change List\02. Change List.csproj", "{4777D2D1-3CB2-4FB5-BECB-8A14FACFF2AF}"
EndProject
Project("{FAE04EC0-301F-11D3-BF4B-00C04F79EFBC}") = "03. House Party", "03. House Party\03. House Party.csproj", "{665D9DC0-D783-43B4-849E-A451ED44E028}"
EndProject
Project("{FAE04EC0-301F-11D3-BF4B-00C04F79EFBC}") = "04. List Operations", "04. List Operations\04. List Operations.csproj", "{2ED130E5-0F10-484F-B07C-04CDFE4AE466}"
EndProject
Project("{FAE04EC0-301F-11D3-BF4B-00C04F79EFBC}") = "05. Bomb Numbers", "05. Bomb Numbers\05. Bomb Numbers.csproj", "{2CB559A3-253E-43B0-8D43-DB068D4F9719}"
EndProject
Project("{FAE04EC0-301F-11D3-BF4B-00C04F79EFBC}") = "06. Cards Game", "06. Cards Game\06. Cards Game.csproj", "{DCC63AC6-A1F3-43C5-8E20-23C900582754}"
EndProject
Project("{FAE04EC0-301F-11D3-BF4B-00C04F79EFBC}") = "07. Append Arrays", "07. Append Arrays\07. Append Arrays.csproj", "{C1F5730B-6FBF-4FB8-AC9F-6ED8084845B8}"
EndProject
Project("{FAE04EC0-301F-11D3-BF4B-00C04F79EFBC}") = "08. Anonymous Threat", "08. Anonymous Threat\08. Anonymous Threat.csproj", "{8D14C758-ADB6-4A5D-8B62-E4255542B863}"
EndProject
Global
	GlobalSection(SolutionConfigurationPlatforms) = preSolution
		Debug|Any CPU = Debug|Any CPU
		Release|Any CPU = Release|Any CPU
	EndGlobalSection
	GlobalSection(ProjectConfigurationPlatforms) = postSolution
		{8915D1BD-B210-445C-902A-C026F22C508B}.Debug|Any CPU.ActiveCfg = Debug|Any CPU
		{8915D1BD-B210-445C-902A-C026F22C508B}.Debug|Any CPU.Build.0 = Debug|Any CPU
		{8915D1BD-B210-445C-902A-C026F22C508B}.Release|Any CPU.ActiveCfg = Release|Any CPU
		{8915D1BD-B210-445C-902A-C026F22C508B}.Release|Any CPU.Build.0 = Release|Any CPU
		{4777D2D1-3CB2-4FB5-BECB-8A14FACFF2AF}.Debug|Any CPU.ActiveCfg = Debug|Any CPU
		{4777D2D1-3CB2-4FB5-BECB-8A14FACFF2AF}.Debug|Any CPU.Build.0 = Debug|Any CPU
		{4777D2D1-3CB2-4FB5-BECB-8A14FACFF2AF}.Release|Any CPU.ActiveCfg = Release|Any CPU
		{4777D2D1-3CB2-4FB5-BECB-8A14FACFF2AF}.Release|Any CPU.Build.0 = Release|Any CPU
		{665D9DC0-D783-43B4-849E-A451ED44E028}.Debug|Any CPU.ActiveCfg = Debug|Any CPU
		{665D9DC0-D783-43B4-849E-A451ED44E028}.Debug|Any CPU.Build.0 = Debug|Any CPU
		{665D9DC0-D783-43B4-849E-A451ED44E028}.Release|Any CPU.ActiveCfg = Release|Any CPU
		{665D9DC0-D783-43B4-849E-A451ED44E028}.Release|Any CPU.Build.0 = Release|Any CPU
		{2ED130E5-0F10-484F-B07C-04CDFE4AE466}.Debug|Any CPU.ActiveCfg = Debug|Any CPU
		{2ED130E5-0F10-484F-B07C-04CDFE4AE466}.Debug|Any CPU.Build.0 = Debug|Any CPU
		{2ED130E5-0F10-484F-B07C-04CDFE4AE466}.Release|Any CPU.ActiveCfg = Release|Any CPU
		{2ED130E5-0F10-484F-B07C-04CDFE4AE466}.Release|Any CPU.Build.0 = Release|Any CPU
		{2CB559A3-253E-43B0-8D43-DB068D4F9719}.Debug|Any CPU.ActiveCfg = Debug|Any CPU
		{2CB559A3-253E-43B0-8D43-DB068D4F9719}.Debug|Any CPU.Build.0 = Debug|Any CPU
		{2CB559A3-253E-43B0-8D43-DB068D4F9719}.Release|Any CPU.ActiveCfg = Release|Any CPU
		{2CB559A3-253E-43B0-8D43-DB068D4F9719}.Release|Any CPU.Build.0 = Release|Any CPU
		{DCC63AC6-A1F3-43C5-8E20-23C900582754}.Debug|Any CPU.ActiveCfg = Debug|Any CPU
		{DCC63AC6-A1F3-43C5-8E20-23C900582754}.Debug|Any CPU.Build.0 = Debug|Any CPU
		{DCC63AC6-A1F3-43C5-8E20-23C900582754}.Release|Any CPU.ActiveCfg = Release|Any CPU
		{DCC63AC6-A1F3-43C5-8E20-23C900582754}.Release|Any CPU.Build.0 = Release|Any CPU
		{C1F5730B-6FBF-4FB8-AC9F-6ED8084845B8}.Debug|Any CPU.ActiveCfg = Debug|Any CPU
		{C1F5730B-6FBF-4FB8-AC9F-6ED8084845B8}.Debug|Any CPU.Build.0 = Debug|Any CPU
		{C1F5730B-6FBF-4FB8-AC9F-6ED8084845B8}.Release|Any CPU.ActiveCfg = Release|Any CPU
		{C1F5730B-6FBF-4FB8-AC9F-6ED8084845B8}.Release|Any CPU.Build.0 = Release|Any CPU
		{8D14C758-ADB6-4A5D-8B62-E4255542B863}.Debug|Any CPU.ActiveCfg = Debug|Any CPU
		{8D14C758-ADB6-4A5D-8B62-E4255542B863}.Debug|Any CPU.Build.0 = Debug|Any CPU
		{8D14C758-ADB6-4A5D-8B62-E4255542B863}.Release|Any CPU.ActiveCfg = Release|Any CPU
		{8D14C758-ADB6-4A5D-8B62-E4255542B863}.Release|Any CPU.Build.0 = Release|Any CPU
	EndGlobalSection
	GlobalSection(SolutionProperties) = preSolution
		HideSolutionNode = FALSE
	EndGlobalSection
	GlobalSection(ExtensibilityGlobals) = postSolution
		SolutionGuid = {43C29D7D-D24E-4738-8455-24D32FC16F9E}
	EndGlobalSection
EndGlobal
