
Microsoft Visual Studio Solution File, Format Version 12.00
# Visual Studio 15
VisualStudioVersion = 15.0.28307.1000
MinimumVisualStudioVersion = 10.0.40219.1
Project("{FAE04EC0-301F-11D3-BF4B-00C04F79EFBC}") = "01. Count Chars in a String", "Associative Arrays - Exercise\01. Count Chars in a String.csproj", "{C50E068E-7470-4E05-B5A8-F398CEF26E6B}"
EndProject
Project("{FAE04EC0-301F-11D3-BF4B-00C04F79EFBC}") = "02. A Miner Task", "02. A Miner Task\02. A Miner Task.csproj", "{4EB8E230-B31D-47B4-A1E0-D8507567B67A}"
EndProject
Project("{FAE04EC0-301F-11D3-BF4B-00C04F79EFBC}") = "03. Legendary Farming", "03. Legendary Farming\03. Legendary Farming.csproj", "{7732FB8A-2BF4-4B7D-91B2-E499AB7D2799}"
EndProject
Project("{FAE04EC0-301F-11D3-BF4B-00C04F79EFBC}") = "04. Orders", "04. Orders\04. Orders.csproj", "{EF7C1AA0-33A0-41D1-8F5E-2006AF4CA21D}"
EndProject
Project("{FAE04EC0-301F-11D3-BF4B-00C04F79EFBC}") = "05. SoftUni Parking", "05. SoftUni Parking\05. SoftUni Parking.csproj", "{55ECA25F-E103-449B-921D-947322926D7C}"
EndProject
Project("{FAE04EC0-301F-11D3-BF4B-00C04F79EFBC}") = "06. Courses", "06. Courses\06. Courses.csproj", "{093ED755-8728-43C5-A420-3A2AF698BC5A}"
EndProject
Project("{FAE04EC0-301F-11D3-BF4B-00C04F79EFBC}") = "07. Student Academy", "07. Student Academy\07. Student Academy.csproj", "{1171FBF6-CEF4-4384-AE20-C83BBB3A5F33}"
EndProject
Project("{FAE04EC0-301F-11D3-BF4B-00C04F79EFBC}") = "08. Company Users", "08. Company Users\08. Company Users.csproj", "{07E9EEAC-5F8B-48C8-98FB-012CCE3312C1}"
EndProject
Global
	GlobalSection(SolutionConfigurationPlatforms) = preSolution
		Debug|Any CPU = Debug|Any CPU
		Release|Any CPU = Release|Any CPU
	EndGlobalSection
	GlobalSection(ProjectConfigurationPlatforms) = postSolution
		{C50E068E-7470-4E05-B5A8-F398CEF26E6B}.Debug|Any CPU.ActiveCfg = Debug|Any CPU
		{C50E068E-7470-4E05-B5A8-F398CEF26E6B}.Debug|Any CPU.Build.0 = Debug|Any CPU
		{C50E068E-7470-4E05-B5A8-F398CEF26E6B}.Release|Any CPU.ActiveCfg = Release|Any CPU
		{C50E068E-7470-4E05-B5A8-F398CEF26E6B}.Release|Any CPU.Build.0 = Release|Any CPU
		{4EB8E230-B31D-47B4-A1E0-D8507567B67A}.Debug|Any CPU.ActiveCfg = Debug|Any CPU
		{4EB8E230-B31D-47B4-A1E0-D8507567B67A}.Debug|Any CPU.Build.0 = Debug|Any CPU
		{4EB8E230-B31D-47B4-A1E0-D8507567B67A}.Release|Any CPU.ActiveCfg = Release|Any CPU
		{4EB8E230-B31D-47B4-A1E0-D8507567B67A}.Release|Any CPU.Build.0 = Release|Any CPU
		{7732FB8A-2BF4-4B7D-91B2-E499AB7D2799}.Debug|Any CPU.ActiveCfg = Debug|Any CPU
		{7732FB8A-2BF4-4B7D-91B2-E499AB7D2799}.Debug|Any CPU.Build.0 = Debug|Any CPU
		{7732FB8A-2BF4-4B7D-91B2-E499AB7D2799}.Release|Any CPU.ActiveCfg = Release|Any CPU
		{7732FB8A-2BF4-4B7D-91B2-E499AB7D2799}.Release|Any CPU.Build.0 = Release|Any CPU
		{EF7C1AA0-33A0-41D1-8F5E-2006AF4CA21D}.Debug|Any CPU.ActiveCfg = Debug|Any CPU
		{EF7C1AA0-33A0-41D1-8F5E-2006AF4CA21D}.Debug|Any CPU.Build.0 = Debug|Any CPU
		{EF7C1AA0-33A0-41D1-8F5E-2006AF4CA21D}.Release|Any CPU.ActiveCfg = Release|Any CPU
		{EF7C1AA0-33A0-41D1-8F5E-2006AF4CA21D}.Release|Any CPU.Build.0 = Release|Any CPU
		{55ECA25F-E103-449B-921D-947322926D7C}.Debug|Any CPU.ActiveCfg = Debug|Any CPU
		{55ECA25F-E103-449B-921D-947322926D7C}.Debug|Any CPU.Build.0 = Debug|Any CPU
		{55ECA25F-E103-449B-921D-947322926D7C}.Release|Any CPU.ActiveCfg = Release|Any CPU
		{55ECA25F-E103-449B-921D-947322926D7C}.Release|Any CPU.Build.0 = Release|Any CPU
		{093ED755-8728-43C5-A420-3A2AF698BC5A}.Debug|Any CPU.ActiveCfg = Debug|Any CPU
		{093ED755-8728-43C5-A420-3A2AF698BC5A}.Debug|Any CPU.Build.0 = Debug|Any CPU
		{093ED755-8728-43C5-A420-3A2AF698BC5A}.Release|Any CPU.ActiveCfg = Release|Any CPU
		{093ED755-8728-43C5-A420-3A2AF698BC5A}.Release|Any CPU.Build.0 = Release|Any CPU
		{1171FBF6-CEF4-4384-AE20-C83BBB3A5F33}.Debug|Any CPU.ActiveCfg = Debug|Any CPU
		{1171FBF6-CEF4-4384-AE20-C83BBB3A5F33}.Debug|Any CPU.Build.0 = Debug|Any CPU
		{1171FBF6-CEF4-4384-AE20-C83BBB3A5F33}.Release|Any CPU.ActiveCfg = Release|Any CPU
		{1171FBF6-CEF4-4384-AE20-C83BBB3A5F33}.Release|Any CPU.Build.0 = Release|Any CPU
		{07E9EEAC-5F8B-48C8-98FB-012CCE3312C1}.Debug|Any CPU.ActiveCfg = Debug|Any CPU
		{07E9EEAC-5F8B-48C8-98FB-012CCE3312C1}.Debug|Any CPU.Build.0 = Debug|Any CPU
		{07E9EEAC-5F8B-48C8-98FB-012CCE3312C1}.Release|Any CPU.ActiveCfg = Release|Any CPU
		{07E9EEAC-5F8B-48C8-98FB-012CCE3312C1}.Release|Any CPU.Build.0 = Release|Any CPU
	EndGlobalSection
	GlobalSection(SolutionProperties) = preSolution
		HideSolutionNode = FALSE
	EndGlobalSection
	GlobalSection(ExtensibilityGlobals) = postSolution
		SolutionGuid = {E0AE2CE3-2173-4A0D-BF65-B90D93A5E7C5}
	EndGlobalSection
EndGlobal
