
Microsoft Visual Studio Solution File, Format Version 12.00
# Visual Studio 15
VisualStudioVersion = 15.0.28307.1000
MinimumVisualStudioVersion = 10.0.40219.1
Project("{FAE04EC0-301F-11D3-BF4B-00C04F79EFBC}") = "01. Count Real Numbers", "Associative Arrays - Lab\01. Count Real Numbers.csproj", "{26CEB96C-EFBC-487E-BD0B-9251D244CB5A}"
EndProject
Project("{FAE04EC0-301F-11D3-BF4B-00C04F79EFBC}") = "02. Odd Occurrences", "02. Odd Occurrences\02. Odd Occurrences.csproj", "{E4B34531-E8F8-4261-B55B-154ACAB6BDBE}"
EndProject
Project("{FAE04EC0-301F-11D3-BF4B-00C04F79EFBC}") = "03. Word Synonyms", "03. Word Synonyms\03. Word Synonyms.csproj", "{0C138CF7-EDA1-41FB-9F5D-E16B5AEFE8AD}"
EndProject
Project("{FAE04EC0-301F-11D3-BF4B-00C04F79EFBC}") = "04. Largest 3 Numbers", "04. Largest 3 Numbers\04. Largest 3 Numbers.csproj", "{13318B16-3F4A-43DC-B184-B795374544F7}"
EndProject
Project("{FAE04EC0-301F-11D3-BF4B-00C04F79EFBC}") = "05. Word Filter", "05. Word Filter\05. Word Filter.csproj", "{63C5A811-7C6D-4538-9625-E3A6B1BAD8B1}"
EndProject
Global
	GlobalSection(SolutionConfigurationPlatforms) = preSolution
		Debug|Any CPU = Debug|Any CPU
		Release|Any CPU = Release|Any CPU
	EndGlobalSection
	GlobalSection(ProjectConfigurationPlatforms) = postSolution
		{26CEB96C-EFBC-487E-BD0B-9251D244CB5A}.Debug|Any CPU.ActiveCfg = Debug|Any CPU
		{26CEB96C-EFBC-487E-BD0B-9251D244CB5A}.Debug|Any CPU.Build.0 = Debug|Any CPU
		{26CEB96C-EFBC-487E-BD0B-9251D244CB5A}.Release|Any CPU.ActiveCfg = Release|Any CPU
		{26CEB96C-EFBC-487E-BD0B-9251D244CB5A}.Release|Any CPU.Build.0 = Release|Any CPU
		{E4B34531-E8F8-4261-B55B-154ACAB6BDBE}.Debug|Any CPU.ActiveCfg = Debug|Any CPU
		{E4B34531-E8F8-4261-B55B-154ACAB6BDBE}.Debug|Any CPU.Build.0 = Debug|Any CPU
		{E4B34531-E8F8-4261-B55B-154ACAB6BDBE}.Release|Any CPU.ActiveCfg = Release|Any CPU
		{E4B34531-E8F8-4261-B55B-154ACAB6BDBE}.Release|Any CPU.Build.0 = Release|Any CPU
		{0C138CF7-EDA1-41FB-9F5D-E16B5AEFE8AD}.Debug|Any CPU.ActiveCfg = Debug|Any CPU
		{0C138CF7-EDA1-41FB-9F5D-E16B5AEFE8AD}.Debug|Any CPU.Build.0 = Debug|Any CPU
		{0C138CF7-EDA1-41FB-9F5D-E16B5AEFE8AD}.Release|Any CPU.ActiveCfg = Release|Any CPU
		{0C138CF7-EDA1-41FB-9F5D-E16B5AEFE8AD}.Release|Any CPU.Build.0 = Release|Any CPU
		{13318B16-3F4A-43DC-B184-B795374544F7}.Debug|Any CPU.ActiveCfg = Debug|Any CPU
		{13318B16-3F4A-43DC-B184-B795374544F7}.Debug|Any CPU.Build.0 = Debug|Any CPU
		{13318B16-3F4A-43DC-B184-B795374544F7}.Release|Any CPU.ActiveCfg = Release|Any CPU
		{13318B16-3F4A-43DC-B184-B795374544F7}.Release|Any CPU.Build.0 = Release|Any CPU
		{63C5A811-7C6D-4538-9625-E3A6B1BAD8B1}.Debug|Any CPU.ActiveCfg = Debug|Any CPU
		{63C5A811-7C6D-4538-9625-E3A6B1BAD8B1}.Debug|Any CPU.Build.0 = Debug|Any CPU
		{63C5A811-7C6D-4538-9625-E3A6B1BAD8B1}.Release|Any CPU.ActiveCfg = Release|Any CPU
		{63C5A811-7C6D-4538-9625-E3A6B1BAD8B1}.Release|Any CPU.Build.0 = Release|Any CPU
	EndGlobalSection
	GlobalSection(SolutionProperties) = preSolution
		HideSolutionNode = FALSE
	EndGlobalSection
	GlobalSection(ExtensibilityGlobals) = postSolution
		SolutionGuid = {76D0814E-E93F-4642-9A0C-F7DA2A97946C}
	EndGlobalSection
EndGlobal
