
Microsoft Visual Studio Solution File, Format Version 12.00
# Visual Studio 15
VisualStudioVersion = 15.0.28307.1000
MinimumVisualStudioVersion = 10.0.40219.1
Project("{FAE04EC0-301F-11D3-BF4B-00C04F79EFBC}") = "Problem 3. Heart Delivery", "Problem 3. Heart Delivery\Problem 3. Heart Delivery.csproj", "{CECA8DCD-4DB1-4BD4-B3C4-B9DF9EF66012}"
EndProject
Global
	GlobalSection(SolutionConfigurationPlatforms) = preSolution
		Debug|Any CPU = Debug|Any CPU
		Release|Any CPU = Release|Any CPU
	EndGlobalSection
	GlobalSection(ProjectConfigurationPlatforms) = postSolution
		{CECA8DCD-4DB1-4BD4-B3C4-B9DF9EF66012}.Debug|Any CPU.ActiveCfg = Debug|Any CPU
		{CECA8DCD-4DB1-4BD4-B3C4-B9DF9EF66012}.Debug|Any CPU.Build.0 = Debug|Any CPU
		{CECA8DCD-4DB1-4BD4-B3C4-B9DF9EF66012}.Release|Any CPU.ActiveCfg = Release|Any CPU
		{CECA8DCD-4DB1-4BD4-B3C4-B9DF9EF66012}.Release|Any CPU.Build.0 = Release|Any CPU
	EndGlobalSection
	GlobalSection(SolutionProperties) = preSolution
		HideSolutionNode = FALSE
	EndGlobalSection
	GlobalSection(ExtensibilityGlobals) = postSolution
		SolutionGuid = {FA3AB2FC-43BF-46A6-923C-19F627021900}
	EndGlobalSection
EndGlobal
