
Microsoft Visual Studio Solution File, Format Version 12.00
# Visual Studio 15
VisualStudioVersion = 15.0.28307.1000
MinimumVisualStudioVersion = 10.0.40219.1
Project("{FAE04EC0-301F-11D3-BF4B-00C04F79EFBC}") = "03. Memory game", "03. Memory game\03. Memory game.csproj", "{50B9719D-B47C-43F3-B979-6C24B2B01564}"
EndProject
Global
	GlobalSection(SolutionConfigurationPlatforms) = preSolution
		Debug|Any CPU = Debug|Any CPU
		Release|Any CPU = Release|Any CPU
	EndGlobalSection
	GlobalSection(ProjectConfigurationPlatforms) = postSolution
		{50B9719D-B47C-43F3-B979-6C24B2B01564}.Debug|Any CPU.ActiveCfg = Debug|Any CPU
		{50B9719D-B47C-43F3-B979-6C24B2B01564}.Debug|Any CPU.Build.0 = Debug|Any CPU
		{50B9719D-B47C-43F3-B979-6C24B2B01564}.Release|Any CPU.ActiveCfg = Release|Any CPU
		{50B9719D-B47C-43F3-B979-6C24B2B01564}.Release|Any CPU.Build.0 = Release|Any CPU
	EndGlobalSection
	GlobalSection(SolutionProperties) = preSolution
		HideSolutionNode = FALSE
	EndGlobalSection
	GlobalSection(ExtensibilityGlobals) = postSolution
		SolutionGuid = {98C64289-A9E3-4A64-A5E1-05DAE9133DF3}
	EndGlobalSection
EndGlobal
